
Microsoft Visual Studio Solution File, Format Version 12.00
# Visual Studio Version 16
VisualStudioVersion = 16.0.30114.105
MinimumVisualStudioVersion = 10.0.40219.1
Project("{9A19103F-16F7-4668-BE54-9A1E7A4F7556}") = "slsr", "Listener\slsr.csproj", "{6E6468DF-FA47-4709-B9AB-38E33056D5D0}"
EndProject
Global
	GlobalSection(SolutionConfigurationPlatforms) = preSolution
		Debug|Any CPU = Debug|Any CPU
		Release|Any CPU = Release|Any CPU
	EndGlobalSection
	GlobalSection(ProjectConfigurationPlatforms) = postSolution
		{6E6468DF-FA47-4709-B9AB-38E33056D5D0}.Debug|Any CPU.ActiveCfg = Debug|Any CPU
		{6E6468DF-FA47-4709-B9AB-38E33056D5D0}.Debug|Any CPU.Build.0 = Debug|Any CPU
		{6E6468DF-FA47-4709-B9AB-38E33056D5D0}.Release|Any CPU.ActiveCfg = Release|Any CPU
		{6E6468DF-FA47-4709-B9AB-38E33056D5D0}.Release|Any CPU.Build.0 = Release|Any CPU
	EndGlobalSection
	GlobalSection(SolutionProperties) = preSolution
		HideSolutionNode = FALSE
	EndGlobalSection
	GlobalSection(ExtensibilityGlobals) = postSolution
		SolutionGuid = {D85449BE-7DF1-409E-AD2F-D8E90BBE83FC}
	EndGlobalSection
EndGlobal
